{
  "version": 4,
  "terraform_version": "1.5.7",
  "serial": 647,
  "lineage": "660aaaac-259d-c839-e842-8c0ef4f4ea1d",
  "outputs": {
    "lb_dns_name": {
      "value": "tokyo-app1-load-balancer-852947192.ap-northeast-1.elb.amazonaws.com",
      "type": "string"
    }
  },
  "resources": [
    {
      "mode": "managed",
      "type": "aws_autoscaling_attachment",
      "name": "tokyo-app1_asg_attachment",
      "provider": "provider[\"registry.terraform.io/hashicorp/aws\"]",
      "instances": [
        {
          "schema_version": 0,
          "attributes": {
            "alb_target_group_arn": "arn:aws:elasticloadbalancing:ap-northeast-1:846035687543:targetgroup/tokyo-app1-target-group/a54841e570157188",
            "autoscaling_group_name": "tokyo-app1-auto-scaling-group-20241202005758282700000003",
            "elb": null,
            "id": "tokyo-app1-auto-scaling-group-20241202005758282700000003-20241202005942283400000004"
          },
          "sensitive_attributes": [],
          "private": "bnVsbA==",
          "dependencies": [
            "aws_autoscaling_group.tokyo-app1_asg",
            "aws_launch_template.tokyo-app1_LT",
            "aws_lb_target_group.tokyo-app1_tg",
            "aws_security_group.tokyo-app1-tg01-sg01",
            "aws_subnet.private-ap-northeast-1a",
            "aws_subnet.private-ap-northeast-1c",
            "aws_vpc.tokyo-app1"
          ]
        }
      ]
    },
    {
      "mode": "managed",
      "type": "aws_autoscaling_group",
      "name": "tokyo-app1_asg",
      "provider": "provider[\"registry.terraform.io/hashicorp/aws\"]",
      "instances": [
        {
          "schema_version": 0,
          "attributes": {
            "arn": "arn:aws:autoscaling:ap-northeast-1:846035687543:autoScalingGroup:30977718-b581-4743-ae16-c9755d9d8625:autoScalingGroupName/tokyo-app1-auto-scaling-group-20241202005758282700000003",
            "availability_zones": [
              "ap-northeast-1a",
              "ap-northeast-1c"
            ],
            "capacity_rebalance": false,
            "default_cooldown": 300,
            "desired_capacity": 6,
            "enabled_metrics": [
              "GroupDesiredCapacity",
              "GroupInServiceInstances",
              "GroupMaxSize",
              "GroupMinSize",
              "GroupTotalInstances"
            ],
            "force_delete": true,
            "force_delete_warm_pool": false,
            "health_check_grace_period": 300,
            "health_check_type": "ELB",
            "id": "tokyo-app1-auto-scaling-group-20241202005758282700000003",
            "initial_lifecycle_hook": [
              {
                "default_result": "CONTINUE",
                "heartbeat_timeout": 300,
                "lifecycle_transition": "autoscaling:EC2_INSTANCE_TERMINATING",
                "name": "scale-in-protection",
                "notification_metadata": "",
                "notification_target_arn": "",
                "role_arn": ""
              },
              {
                "default_result": "CONTINUE",
                "heartbeat_timeout": 60,
                "lifecycle_transition": "autoscaling:EC2_INSTANCE_LAUNCHING",
                "name": "instance-protection-launch",
                "notification_metadata": "{\"key\":\"value\"}",
                "notification_target_arn": "",
                "role_arn": ""
              }
            ],
            "instance_refresh": [],
            "launch_configuration": "",
            "launch_template": [
              {
                "id": "lt-0e612aaeab8cde77a",
                "name": "tokyo-app1_LT20241202005755467600000001",
                "version": "$Latest"
              }
            ],
            "load_balancers": null,
            "max_instance_lifetime": 0,
            "max_size": 9,
            "metrics_granularity": "1Minute",
            "min_elb_capacity": null,
            "min_size": 3,
            "mixed_instances_policy": [],
            "name": "tokyo-app1-auto-scaling-group-20241202005758282700000003",
            "name_prefix": "tokyo-app1-auto-scaling-group-",
            "placement_group": "",
            "protect_from_scale_in": false,
            "service_linked_role_arn": "arn:aws:iam::846035687543:role/aws-service-role/autoscaling.amazonaws.com/AWSServiceRoleForAutoScaling",
            "suspended_processes": null,
            "tag": [
              {
                "key": "Environment",
                "propagate_at_launch": true,
                "value": "Production"
              },
              {
                "key": "Name",
                "propagate_at_launch": true,
                "value": "tokyo-app1-instance"
              }
            ],
            "tags": null,
            "target_group_arns": [
              "arn:aws:elasticloadbalancing:ap-northeast-1:846035687543:targetgroup/tokyo-app1-target-group/a54841e570157188"
            ],
            "termination_policies": null,
            "timeouts": null,
            "vpc_zone_identifier": [
              "subnet-043f2c7b13c08bfe9",
              "subnet-0ed169ea7b6514d32"
            ],
            "wait_for_capacity_timeout": "10m",
            "wait_for_elb_capacity": null,
            "warm_pool": []
          },
          "sensitive_attributes": [],
          "private": "eyJlMmJmYjczMC1lY2FhLTExZTYtOGY4OC0zNDM2M2JjN2M0YzAiOnsiZGVsZXRlIjo2MDAwMDAwMDAwMDB9fQ==",
          "dependencies": [
            "aws_launch_template.tokyo-app1_LT",
            "aws_lb_target_group.tokyo-app1_tg",
            "aws_security_group.tokyo-app1-tg01-sg01",
            "aws_subnet.private-ap-northeast-1a",
            "aws_subnet.private-ap-northeast-1c",
            "aws_vpc.tokyo-app1"
          ]
        }
      ]
    },
    {
      "mode": "managed",
      "type": "aws_autoscaling_policy",
      "name": "tokyo-app1_scaling_policy",
      "provider": "provider[\"registry.terraform.io/hashicorp/aws\"]",
      "instances": [
        {
          "schema_version": 0,
          "attributes": {
            "adjustment_type": "",
            "arn": "arn:aws:autoscaling:ap-northeast-1:846035687543:scalingPolicy:8737892e-e64f-4e12-96bc-38ca351ff639:autoScalingGroupName/tokyo-app1-auto-scaling-group-20241202005758282700000003:policyName/tokyo-app1-cpu-target",
            "autoscaling_group_name": "tokyo-app1-auto-scaling-group-20241202005758282700000003",
            "cooldown": 0,
            "estimated_instance_warmup": 120,
            "id": "tokyo-app1-cpu-target",
            "metric_aggregation_type": "",
            "min_adjustment_magnitude": null,
            "name": "tokyo-app1-cpu-target",
            "policy_type": "TargetTrackingScaling",
            "predictive_scaling_configuration": [],
            "scaling_adjustment": 0,
            "step_adjustment": [],
            "target_tracking_configuration": [
              {
                "customized_metric_specification": [],
                "disable_scale_in": false,
                "predefined_metric_specification": [
                  {
                    "predefined_metric_type": "ASGAverageCPUUtilization",
                    "resource_label": ""
                  }
                ],
                "target_value": 75
              }
            ]
          },
          "sensitive_attributes": [],
          "private": "bnVsbA==",
          "dependencies": [
            "aws_autoscaling_group.tokyo-app1_asg",
            "aws_launch_template.tokyo-app1_LT",
            "aws_lb_target_group.tokyo-app1_tg",
            "aws_security_group.tokyo-app1-tg01-sg01",
            "aws_subnet.private-ap-northeast-1a",
            "aws_subnet.private-ap-northeast-1c",
            "aws_vpc.tokyo-app1"
          ]
        }
      ]
    },
    {
      "mode": "managed",
      "type": "aws_eip",
      "name": "nat",
      "provider": "provider[\"registry.terraform.io/hashicorp/aws\"]",
      "instances": [
        {
          "schema_version": 0,
          "attributes": {
            "address": null,
            "allocation_id": "eipalloc-0328d6ce6ba8aeccf",
            "associate_with_private_ip": null,
            "association_id": "",
            "carrier_ip": "",
            "customer_owned_ip": "",
            "customer_owned_ipv4_pool": "",
            "domain": "vpc",
            "id": "eipalloc-0328d6ce6ba8aeccf",
            "instance": "",
            "network_border_group": "ap-northeast-1",
            "network_interface": "",
            "private_dns": null,
            "private_ip": "",
            "public_dns": "ec2-35-72-108-100.ap-northeast-1.compute.amazonaws.com",
            "public_ip": "35.72.108.100",
            "public_ipv4_pool": "amazon",
            "tags": {
              "Name": "nat"
            },
            "tags_all": {
              "Name": "nat"
            },
            "timeouts": null,
            "vpc": true
          },
          "sensitive_attributes": [],
          "private": "eyJlMmJmYjczMC1lY2FhLTExZTYtOGY4OC0zNDM2M2JjN2M0YzAiOnsiZGVsZXRlIjoxODAwMDAwMDAwMDAsInJlYWQiOjkwMDAwMDAwMDAwMCwidXBkYXRlIjozMDAwMDAwMDAwMDB9fQ=="
        }
      ]
    },
    {
      "mode": "managed",
      "type": "aws_internet_gateway",
      "name": "igw",
      "provider": "provider[\"registry.terraform.io/hashicorp/aws\"]",
      "instances": [
        {
          "schema_version": 0,
          "attributes": {
            "arn": "arn:aws:ec2:ap-northeast-1:846035687543:internet-gateway/igw-03404262b80d85ae9",
            "id": "igw-03404262b80d85ae9",
            "owner_id": "846035687543",
            "tags": {
              "Name": "tokyo-app1_IG",
              "Owner": "Darknesses",
              "Service": "application1"
            },
            "tags_all": {
              "Name": "tokyo-app1_IG",
              "Owner": "Darknesses",
              "Service": "application1"
            },
            "vpc_id": "vpc-00d4473df9ccb1cc0"
          },
          "sensitive_attributes": [],
          "private": "bnVsbA==",
          "dependencies": [
            "aws_vpc.tokyo-app1"
          ]
        }
      ]
    },
    {
      "mode": "managed",
      "type": "aws_launch_template",
      "name": "tokyo-app1_LT",
      "provider": "provider[\"registry.terraform.io/hashicorp/aws\"]",
      "instances": [
        {
          "schema_version": 0,
          "attributes": {
            "arn": "arn:aws:ec2:ap-northeast-1:846035687543:launch-template/lt-0e612aaeab8cde77a",
            "block_device_mappings": [],
            "capacity_reservation_specification": [],
            "cpu_options": [],
            "credit_specification": [],
            "default_version": 1,
            "description": "",
            "disable_api_termination": false,
            "ebs_optimized": "",
            "elastic_gpu_specifications": [],
            "elastic_inference_accelerator": [],
            "enclave_options": [],
            "hibernation_options": [],
            "iam_instance_profile": [],
            "id": "lt-0e612aaeab8cde77a",
            "image_id": "ami-023ff3d4ab11b2525",
            "instance_initiated_shutdown_behavior": "",
            "instance_market_options": [],
            "instance_type": "t3.micro",
            "kernel_id": "",
            "key_name": "MyLinuxBox",
            "latest_version": 1,
            "license_specification": [],
            "metadata_options": [],
            "monitoring": [],
            "name": "tokyo-app1_LT20241202005755467600000001",
            "name_prefix": "tokyo-app1_LT",
            "network_interfaces": [],
            "placement": [],
            "ram_disk_id": "",
            "security_group_names": null,
            "tag_specifications": [
              {
                "resource_type": "instance",
                "tags": {
                  "Name": "tokyo-app1_LT",
                  "Owner": "Darknesses",
                  "Service": "application1"
                }
              }
            ],
            "tags": null,
            "tags_all": {},
            "update_default_version": null,
            "user_data": "IyEvYmluL2Jhc2gKeXVtIHVwZGF0ZSAteQp5dW0gaW5zdGFsbCAteSBodHRwZApzeXN0ZW1jdGwgc3RhcnQgaHR0cGQKc3lzdGVtY3RsIGVuYWJsZSBodHRwZAoKIyBHZXQgdGhlIElNRFN2MiB0b2tlbgpUT0tFTj0kKGN1cmwgLVggUFVUICJodHRwOi8vMTY5LjI1NC4xNjkuMjU0L2xhdGVzdC9hcGkvdG9rZW4iIC1IICJYLWF3cy1lYzItbWV0YWRhdGEtdG9rZW4tdHRsLXNlY29uZHM6IDIxNjAwIikKCiMgQmFja2dyb3VuZCB0aGUgY3VybCByZXF1ZXN0cwpjdXJsIC1IICJYLWF3cy1lYzItbWV0YWRhdGEtdG9rZW46ICRUT0tFTiIgLXMgaHR0cDovLzE2OS4yNTQuMTY5LjI1NC9sYXRlc3QvbWV0YS1kYXRhL2xvY2FsLWlwdjQgJj4gL3RtcC9sb2NhbF9pcHY0ICYKY3VybCAtSCAiWC1hd3MtZWMyLW1ldGFkYXRhLXRva2VuOiAkVE9LRU4iIC1zIGh0dHA6Ly8xNjkuMjU0LjE2OS4yNTQvbGF0ZXN0L21ldGEtZGF0YS9wbGFjZW1lbnQvYXZhaWxhYmlsaXR5LXpvbmUgJj4gL3RtcC9heiAmCmN1cmwgLUggIlgtYXdzLWVjMi1tZXRhZGF0YS10b2tlbjogJFRPS0VOIiAtcyBodHRwOi8vMTY5LjI1NC4xNjkuMjU0L2xhdGVzdC9tZXRhLWRhdGEvbmV0d29yay9pbnRlcmZhY2VzL21hY3MvICY+IC90bXAvbWFjaWQgJgp3YWl0CgptYWNpZD0kKGNhdCAvdG1wL21hY2lkKQpsb2NhbF9pcHY0PSQoY2F0IC90bXAvbG9jYWxfaXB2NCkKYXo9JChjYXQgL3RtcC9heikKdnBjPSQoY3VybCAtSCAiWC1hd3MtZWMyLW1ldGFkYXRhLXRva2VuOiAkVE9LRU4iIC1zIGh0dHA6Ly8xNjkuMjU0LjE2OS4yNTQvbGF0ZXN0L21ldGEtZGF0YS9uZXR3b3JrL2ludGVyZmFjZXMvbWFjcy8kbWFjaWQvdnBjLWlkKQoKIyBDcmVhdGUgSFRNTCBmaWxlCmNhdCA8PC1IVE1MID4gL3Zhci93d3cvaHRtbC9pbmRleC5odG1sCjwhZG9jdHlwZSBodG1sPgo8aHRtbCBsYW5nPSJlbiIgY2xhc3M9ImgtMTAwIj4KPGhlYWQ+Cjx0aXRsZT5EZXRhaWxzIGZvciBFQzIgaW5zdGFuY2U8L3RpdGxlPgo8L2hlYWQ+Cjxib2R5Pgo8ZGl2Pgo8aDE+TWFsZ3VzIENsYW48L2gxPgo8aDE+Q2hhaW5zIEJyb2tlbiBpbiBJcmVsYW5kPC9oMT4KPHA+PGI+SW5zdGFuY2UgTmFtZTo8L2I+ICQoaG9zdG5hbWUgLWYpIDwvcD4KPHA+PGI+SW5zdGFuY2UgUHJpdmF0ZSBJcCBBZGRyZXNzOiA8L2I+ICRsb2NhbF9pcHY0PC9wPgo8cD48Yj5BdmFpbGFiaWxpdHkgWm9uZTogPC9iPiAkYXo8L3A+CjxwPjxiPlZpcnR1YWwgUHJpdmF0ZSBDbG91ZCAoVlBDKTo8L2I+ICR2cGM8L3A+CjwvZGl2Pgo8L2JvZHk+CjwvaHRtbD4KSFRNTAoKIyBDbGVhbiB1cCB0aGUgdGVtcCBmaWxlcwpybSAtZiAvdG1wL2xvY2FsX2lwdjQgL3RtcC9heiAvdG1wL21hY2lkCg==",
            "vpc_security_group_ids": [
              "sg-0a7b10a42c4d26b5b"
            ]
          },
          "sensitive_attributes": [],
          "private": "bnVsbA==",
          "dependencies": [
            "aws_security_group.tokyo-app1-tg01-sg01",
            "aws_vpc.tokyo-app1"
          ],
          "create_before_destroy": true
        }
      ]
    },
    {
      "mode": "managed",
      "type": "aws_lb",
      "name": "tokyo-app1_alb",
      "provider": "provider[\"registry.terraform.io/hashicorp/aws\"]",
      "instances": [
        {
          "schema_version": 0,
          "attributes": {
            "access_logs": [
              {
                "bucket": "",
                "enabled": false,
                "prefix": ""
              }
            ],
            "arn": "arn:aws:elasticloadbalancing:ap-northeast-1:846035687543:loadbalancer/app/tokyo-app1-load-balancer/e6d92e0ef66e9ac0",
            "arn_suffix": "app/tokyo-app1-load-balancer/e6d92e0ef66e9ac0",
            "customer_owned_ipv4_pool": "",
            "desync_mitigation_mode": "defensive",
            "dns_name": "tokyo-app1-load-balancer-852947192.ap-northeast-1.elb.amazonaws.com",
            "drop_invalid_header_fields": false,
            "enable_cross_zone_load_balancing": true,
            "enable_deletion_protection": false,
            "enable_http2": true,
            "enable_waf_fail_open": false,
            "id": "arn:aws:elasticloadbalancing:ap-northeast-1:846035687543:loadbalancer/app/tokyo-app1-load-balancer/e6d92e0ef66e9ac0",
            "idle_timeout": 60,
            "internal": false,
            "ip_address_type": "ipv4",
            "load_balancer_type": "application",
            "name": "tokyo-app1-load-balancer",
            "name_prefix": null,
            "security_groups": [
              "sg-08b3c14f0e615adbb"
            ],
            "subnet_mapping": [
              {
                "allocation_id": "",
                "ipv6_address": "",
                "outpost_id": "",
                "private_ipv4_address": "",
                "subnet_id": "subnet-058aa5c4e43150200"
              },
              {
                "allocation_id": "",
                "ipv6_address": "",
                "outpost_id": "",
                "private_ipv4_address": "",
                "subnet_id": "subnet-071423ca051f77bc6"
              }
            ],
            "subnets": [
              "subnet-058aa5c4e43150200",
              "subnet-071423ca051f77bc6"
            ],
            "tags": {
              "Name": "tokyo-app1LoadBalancer",
              "Owner": "Darknesses",
              "Project": "Web Service",
              "Service": "tokyo-app1"
            },
            "tags_all": {
              "Name": "tokyo-app1LoadBalancer",
              "Owner": "Darknesses",
              "Project": "Web Service",
              "Service": "tokyo-app1"
            },
            "timeouts": null,
            "vpc_id": "vpc-00d4473df9ccb1cc0",
            "zone_id": "Z14GRHDCWA56QT"
          },
          "sensitive_attributes": [],
          "private": "eyJlMmJmYjczMC1lY2FhLTExZTYtOGY4OC0zNDM2M2JjN2M0YzAiOnsiY3JlYXRlIjo2MDAwMDAwMDAwMDAsImRlbGV0ZSI6NjAwMDAwMDAwMDAwLCJ1cGRhdGUiOjYwMDAwMDAwMDAwMH19",
          "dependencies": [
            "aws_security_group.tokyo-app1-lb01-sg01",
            "aws_subnet.public-ap-northeast-1a",
            "aws_subnet.public-ap-northeast-1c",
            "aws_vpc.tokyo-app1"
          ]
        }
      ]
    },
    {
      "mode": "managed",
      "type": "aws_lb_listener",
      "name": "http",
      "provider": "provider[\"registry.terraform.io/hashicorp/aws\"]",
      "instances": [
        {
          "schema_version": 0,
          "attributes": {
            "alpn_policy": null,
            "arn": "arn:aws:elasticloadbalancing:ap-northeast-1:846035687543:listener/app/tokyo-app1-load-balancer/e6d92e0ef66e9ac0/7e65d608cb18d67e",
            "certificate_arn": null,
            "default_action": [
              {
                "authenticate_cognito": [],
                "authenticate_oidc": [],
                "fixed_response": [],
                "forward": [],
                "order": 1,
                "redirect": [],
                "target_group_arn": "arn:aws:elasticloadbalancing:ap-northeast-1:846035687543:targetgroup/tokyo-app1-target-group/a54841e570157188",
                "type": "forward"
              }
            ],
            "id": "arn:aws:elasticloadbalancing:ap-northeast-1:846035687543:listener/app/tokyo-app1-load-balancer/e6d92e0ef66e9ac0/7e65d608cb18d67e",
            "load_balancer_arn": "arn:aws:elasticloadbalancing:ap-northeast-1:846035687543:loadbalancer/app/tokyo-app1-load-balancer/e6d92e0ef66e9ac0",
            "port": 80,
            "protocol": "HTTP",
            "ssl_policy": "",
            "tags": null,
            "tags_all": {},
            "timeouts": null
          },
          "sensitive_attributes": [],
          "private": "eyJlMmJmYjczMC1lY2FhLTExZTYtOGY4OC0zNDM2M2JjN2M0YzAiOnsicmVhZCI6NjAwMDAwMDAwMDAwfX0=",
          "dependencies": [
            "aws_lb.tokyo-app1_alb",
            "aws_lb_target_group.tokyo-app1_tg",
            "aws_security_group.tokyo-app1-lb01-sg01",
            "aws_subnet.public-ap-northeast-1a",
            "aws_subnet.public-ap-northeast-1c",
            "aws_vpc.tokyo-app1"
          ]
        }
      ]
    },
    {
      "mode": "managed",
      "type": "aws_lb_target_group",
      "name": "tokyo-app1_tg",
      "provider": "provider[\"registry.terraform.io/hashicorp/aws\"]",
      "instances": [
        {
          "schema_version": 0,
          "attributes": {
            "arn": "arn:aws:elasticloadbalancing:ap-northeast-1:846035687543:targetgroup/tokyo-app1-target-group/a54841e570157188",
            "arn_suffix": "targetgroup/tokyo-app1-target-group/a54841e570157188",
            "connection_termination": false,
            "deregistration_delay": "300",
            "health_check": [
              {
                "enabled": true,
                "healthy_threshold": 5,
                "interval": 30,
                "matcher": "200",
                "path": "/",
                "port": "traffic-port",
                "protocol": "HTTP",
                "timeout": 5,
                "unhealthy_threshold": 2
              }
            ],
            "id": "arn:aws:elasticloadbalancing:ap-northeast-1:846035687543:targetgroup/tokyo-app1-target-group/a54841e570157188",
            "lambda_multi_value_headers_enabled": false,
            "load_balancing_algorithm_type": "round_robin",
            "name": "tokyo-app1-target-group",
            "name_prefix": null,
            "port": 80,
            "preserve_client_ip": null,
            "protocol": "HTTP",
            "protocol_version": "HTTP1",
            "proxy_protocol_v2": false,
            "slow_start": 0,
            "stickiness": [
              {
                "cookie_duration": 86400,
                "cookie_name": "",
                "enabled": false,
                "type": "lb_cookie"
              }
            ],
            "tags": {
              "Name": "tokyo-app1TargetGroup",
              "Owner": "Darknesses",
              "Project": "Web Service",
              "Service": "tokyo-app1"
            },
            "tags_all": {
              "Name": "tokyo-app1TargetGroup",
              "Owner": "Darknesses",
              "Project": "Web Service",
              "Service": "tokyo-app1"
            },
            "target_type": "instance",
            "vpc_id": "vpc-00d4473df9ccb1cc0"
          },
          "sensitive_attributes": [],
          "private": "bnVsbA==",
          "dependencies": [
            "aws_vpc.tokyo-app1"
          ]
        }
      ]
    },
    {
      "mode": "managed",
      "type": "aws_nat_gateway",
      "name": "nat",
      "provider": "provider[\"registry.terraform.io/hashicorp/aws\"]",
      "instances": [
        {
          "schema_version": 0,
          "attributes": {
            "allocation_id": "eipalloc-0328d6ce6ba8aeccf",
            "connectivity_type": "public",
            "id": "nat-049a7b7f881e55f4b",
            "network_interface_id": "eni-0411df86b37a9aa77",
            "private_ip": "10.35.1.122",
            "public_ip": "35.72.108.100",
            "subnet_id": "subnet-058aa5c4e43150200",
            "tags": {
              "Name": "nat"
            },
            "tags_all": {
              "Name": "nat"
            }
          },
          "sensitive_attributes": [],
          "private": "bnVsbA==",
          "dependencies": [
            "aws_eip.nat",
            "aws_internet_gateway.igw",
            "aws_subnet.public-ap-northeast-1a",
            "aws_vpc.tokyo-app1"
          ]
        }
      ]
    },
    {
      "mode": "managed",
      "type": "aws_route_table",
      "name": "private",
      "provider": "provider[\"registry.terraform.io/hashicorp/aws\"]",
      "instances": [
        {
          "schema_version": 0,
          "attributes": {
            "arn": "arn:aws:ec2:ap-northeast-1:846035687543:route-table/rtb-039c87bd2ecf419b1",
            "id": "rtb-039c87bd2ecf419b1",
            "owner_id": "846035687543",
            "propagating_vgws": [],
            "route": [
              {
                "carrier_gateway_id": "",
                "cidr_block": "0.0.0.0/0",
                "destination_prefix_list_id": "",
                "egress_only_gateway_id": "",
                "gateway_id": "",
                "instance_id": "",
                "ipv6_cidr_block": "",
                "local_gateway_id": "",
                "nat_gateway_id": "nat-049a7b7f881e55f4b",
                "network_interface_id": "",
                "transit_gateway_id": "",
                "vpc_endpoint_id": "",
                "vpc_peering_connection_id": ""
              }
            ],
            "tags": {
              "Name": "private"
            },
            "tags_all": {
              "Name": "private"
            },
            "timeouts": null,
            "vpc_id": "vpc-00d4473df9ccb1cc0"
          },
          "sensitive_attributes": [],
          "private": "eyJlMmJmYjczMC1lY2FhLTExZTYtOGY4OC0zNDM2M2JjN2M0YzAiOnsiY3JlYXRlIjozMDAwMDAwMDAwMDAsImRlbGV0ZSI6MzAwMDAwMDAwMDAwLCJ1cGRhdGUiOjEyMDAwMDAwMDAwMH19",
          "dependencies": [
            "aws_eip.nat",
            "aws_internet_gateway.igw",
            "aws_nat_gateway.nat",
            "aws_subnet.public-ap-northeast-1a",
            "aws_vpc.tokyo-app1"
          ]
        }
      ]
    },
    {
      "mode": "managed",
      "type": "aws_route_table",
      "name": "public",
      "provider": "provider[\"registry.terraform.io/hashicorp/aws\"]",
      "instances": [
        {
          "schema_version": 0,
          "attributes": {
            "arn": "arn:aws:ec2:ap-northeast-1:846035687543:route-table/rtb-0884e0178642931c0",
            "id": "rtb-0884e0178642931c0",
            "owner_id": "846035687543",
            "propagating_vgws": [],
            "route": [
              {
                "carrier_gateway_id": "",
                "cidr_block": "0.0.0.0/0",
                "destination_prefix_list_id": "",
                "egress_only_gateway_id": "",
                "gateway_id": "igw-03404262b80d85ae9",
                "instance_id": "",
                "ipv6_cidr_block": "",
                "local_gateway_id": "",
                "nat_gateway_id": "",
                "network_interface_id": "",
                "transit_gateway_id": "",
                "vpc_endpoint_id": "",
                "vpc_peering_connection_id": ""
              }
            ],
            "tags": {
              "Name": "public"
            },
            "tags_all": {
              "Name": "public"
            },
            "timeouts": null,
            "vpc_id": "vpc-00d4473df9ccb1cc0"
          },
          "sensitive_attributes": [],
          "private": "eyJlMmJmYjczMC1lY2FhLTExZTYtOGY4OC0zNDM2M2JjN2M0YzAiOnsiY3JlYXRlIjozMDAwMDAwMDAwMDAsImRlbGV0ZSI6MzAwMDAwMDAwMDAwLCJ1cGRhdGUiOjEyMDAwMDAwMDAwMH19",
          "dependencies": [
            "aws_internet_gateway.igw",
            "aws_vpc.tokyo-app1"
          ]
        }
      ]
    },
    {
      "mode": "managed",
      "type": "aws_route_table_association",
      "name": "private-ap-northeast-1a",
      "provider": "provider[\"registry.terraform.io/hashicorp/aws\"]",
      "instances": [
        {
          "schema_version": 0,
          "attributes": {
            "gateway_id": "",
            "id": "rtbassoc-069d1ea5220f16b51",
            "route_table_id": "rtb-039c87bd2ecf419b1",
            "subnet_id": "subnet-0ed169ea7b6514d32"
          },
          "sensitive_attributes": [],
          "private": "bnVsbA==",
          "dependencies": [
            "aws_eip.nat",
            "aws_internet_gateway.igw",
            "aws_nat_gateway.nat",
            "aws_route_table.private",
            "aws_subnet.private-ap-northeast-1a",
            "aws_subnet.public-ap-northeast-1a",
            "aws_vpc.tokyo-app1"
          ]
        }
      ]
    },
    {
      "mode": "managed",
      "type": "aws_route_table_association",
      "name": "private-ap-northeast-1c",
      "provider": "provider[\"registry.terraform.io/hashicorp/aws\"]",
      "instances": [
        {
          "schema_version": 0,
          "attributes": {
            "gateway_id": "",
            "id": "rtbassoc-0de38bdcf8e5c548e",
            "route_table_id": "rtb-039c87bd2ecf419b1",
            "subnet_id": "subnet-043f2c7b13c08bfe9"
          },
          "sensitive_attributes": [],
          "private": "bnVsbA==",
          "dependencies": [
            "aws_eip.nat",
            "aws_internet_gateway.igw",
            "aws_nat_gateway.nat",
            "aws_route_table.private",
            "aws_subnet.private-ap-northeast-1c",
            "aws_subnet.public-ap-northeast-1a",
            "aws_vpc.tokyo-app1"
          ]
        }
      ]
    },
    {
      "mode": "managed",
      "type": "aws_route_table_association",
      "name": "public-ap-northeast-1a",
      "provider": "provider[\"registry.terraform.io/hashicorp/aws\"]",
      "instances": [
        {
          "schema_version": 0,
          "attributes": {
            "gateway_id": "",
            "id": "rtbassoc-005a113dec45c3a11",
            "route_table_id": "rtb-0884e0178642931c0",
            "subnet_id": "subnet-058aa5c4e43150200"
          },
          "sensitive_attributes": [],
          "private": "bnVsbA==",
          "dependencies": [
            "aws_internet_gateway.igw",
            "aws_route_table.public",
            "aws_subnet.public-ap-northeast-1a",
            "aws_vpc.tokyo-app1"
          ]
        }
      ]
    },
    {
      "mode": "managed",
      "type": "aws_route_table_association",
      "name": "public-ap-northeast-1c",
      "provider": "provider[\"registry.terraform.io/hashicorp/aws\"]",
      "instances": [
        {
          "schema_version": 0,
          "attributes": {
            "gateway_id": "",
            "id": "rtbassoc-072ff38204beec2d2",
            "route_table_id": "rtb-0884e0178642931c0",
            "subnet_id": "subnet-071423ca051f77bc6"
          },
          "sensitive_attributes": [],
          "private": "bnVsbA==",
          "dependencies": [
            "aws_internet_gateway.igw",
            "aws_route_table.public",
            "aws_subnet.public-ap-northeast-1c",
            "aws_vpc.tokyo-app1"
          ]
        }
      ]
    },
    {
      "mode": "managed",
      "type": "aws_security_group",
      "name": "tokyo-app1-lb01-sg01",
      "provider": "provider[\"registry.terraform.io/hashicorp/aws\"]",
      "instances": [
        {
          "schema_version": 1,
          "attributes": {
            "arn": "arn:aws:ec2:ap-northeast-1:846035687543:security-group/sg-08b3c14f0e615adbb",
            "description": "tokyo-app1-lb01-sg01",
            "egress": [
              {
                "cidr_blocks": [
                  "0.0.0.0/0"
                ],
                "description": "",
                "from_port": 0,
                "ipv6_cidr_blocks": [],
                "prefix_list_ids": [],
                "protocol": "-1",
                "security_groups": [],
                "self": false,
                "to_port": 0
              }
            ],
            "id": "sg-08b3c14f0e615adbb",
            "ingress": [
              {
                "cidr_blocks": [
                  "0.0.0.0/0"
                ],
                "description": "MyHomePage",
                "from_port": 80,
                "ipv6_cidr_blocks": [],
                "prefix_list_ids": [],
                "protocol": "tcp",
                "security_groups": [],
                "self": false,
                "to_port": 80
              }
            ],
            "name": "tokyo-app1-lb01-sg01",
            "name_prefix": "",
            "owner_id": "846035687543",
            "revoke_rules_on_delete": false,
            "tags": {
              "Name": "tokyo-app1-lb01-sg01",
              "Owner": "Darknesses",
              "Service": "application1"
            },
            "tags_all": {
              "Name": "tokyo-app1-lb01-sg01",
              "Owner": "Darknesses",
              "Service": "application1"
            },
            "timeouts": null,
            "vpc_id": "vpc-00d4473df9ccb1cc0"
          },
          "sensitive_attributes": [],
          "private": "eyJlMmJmYjczMC1lY2FhLTExZTYtOGY4OC0zNDM2M2JjN2M0YzAiOnsiY3JlYXRlIjo2MDAwMDAwMDAwMDAsImRlbGV0ZSI6OTAwMDAwMDAwMDAwfSwic2NoZW1hX3ZlcnNpb24iOiIxIn0=",
          "dependencies": [
            "aws_vpc.tokyo-app1"
          ]
        }
      ]
    },
    {
      "mode": "managed",
      "type": "aws_security_group",
      "name": "tokyo-app1-tg01-sg01",
      "provider": "provider[\"registry.terraform.io/hashicorp/aws\"]",
      "instances": [
        {
          "schema_version": 1,
          "attributes": {
            "arn": "arn:aws:ec2:ap-northeast-1:846035687543:security-group/sg-0a7b10a42c4d26b5b",
            "description": "tokyo-app1-tg01-sg01",
            "egress": [
              {
                "cidr_blocks": [
                  "0.0.0.0/0"
                ],
                "description": "",
                "from_port": 0,
                "ipv6_cidr_blocks": [],
                "prefix_list_ids": [],
                "protocol": "-1",
                "security_groups": [],
                "self": false,
                "to_port": 0
              }
            ],
            "id": "sg-0a7b10a42c4d26b5b",
            "ingress": [
              {
                "cidr_blocks": [
                  "0.0.0.0/0"
                ],
                "description": "MyHomePage",
                "from_port": 80,
                "ipv6_cidr_blocks": [],
                "prefix_list_ids": [],
                "protocol": "tcp",
                "security_groups": [],
                "self": false,
                "to_port": 80
              }
            ],
            "name": "tokyo-app1-tg01-sg01",
            "name_prefix": "",
            "owner_id": "846035687543",
            "revoke_rules_on_delete": false,
            "tags": {
              "Name": "tokyo-app1-tg01-sg01",
              "Owner": "Darknesses",
              "Service": "application1"
            },
            "tags_all": {
              "Name": "tokyo-app1-tg01-sg01",
              "Owner": "Darknesses",
              "Service": "application1"
            },
            "timeouts": null,
            "vpc_id": "vpc-00d4473df9ccb1cc0"
          },
          "sensitive_attributes": [],
          "private": "eyJlMmJmYjczMC1lY2FhLTExZTYtOGY4OC0zNDM2M2JjN2M0YzAiOnsiY3JlYXRlIjo2MDAwMDAwMDAwMDAsImRlbGV0ZSI6OTAwMDAwMDAwMDAwfSwic2NoZW1hX3ZlcnNpb24iOiIxIn0=",
          "dependencies": [
            "aws_vpc.tokyo-app1"
          ],
          "create_before_destroy": true
        }
      ]
    },
    {
      "mode": "managed",
      "type": "aws_subnet",
      "name": "private-ap-northeast-1a",
      "provider": "provider[\"registry.terraform.io/hashicorp/aws\"]",
      "instances": [
        {
          "schema_version": 1,
          "attributes": {
            "arn": "arn:aws:ec2:ap-northeast-1:846035687543:subnet/subnet-0ed169ea7b6514d32",
            "assign_ipv6_address_on_creation": false,
            "availability_zone": "ap-northeast-1a",
            "availability_zone_id": "apne1-az4",
            "cidr_block": "10.35.11.0/24",
            "customer_owned_ipv4_pool": "",
            "enable_dns64": false,
            "enable_resource_name_dns_a_record_on_launch": false,
            "enable_resource_name_dns_aaaa_record_on_launch": false,
            "id": "subnet-0ed169ea7b6514d32",
            "ipv6_cidr_block": "",
            "ipv6_cidr_block_association_id": "",
            "ipv6_native": false,
            "map_customer_owned_ip_on_launch": false,
            "map_public_ip_on_launch": false,
            "outpost_arn": "",
            "owner_id": "846035687543",
            "private_dns_hostname_type_on_launch": "ip-name",
            "tags": {
              "Name": "private-ap-northeast-1a",
              "Owner": "Darknesses",
              "Service": "application1"
            },
            "tags_all": {
              "Name": "private-ap-northeast-1a",
              "Owner": "Darknesses",
              "Service": "application1"
            },
            "timeouts": null,
            "vpc_id": "vpc-00d4473df9ccb1cc0"
          },
          "sensitive_attributes": [],
          "private": "eyJlMmJmYjczMC1lY2FhLTExZTYtOGY4OC0zNDM2M2JjN2M0YzAiOnsiY3JlYXRlIjo2MDAwMDAwMDAwMDAsImRlbGV0ZSI6MTIwMDAwMDAwMDAwMH0sInNjaGVtYV92ZXJzaW9uIjoiMSJ9",
          "dependencies": [
            "aws_vpc.tokyo-app1"
          ]
        }
      ]
    },
    {
      "mode": "managed",
      "type": "aws_subnet",
      "name": "private-ap-northeast-1c",
      "provider": "provider[\"registry.terraform.io/hashicorp/aws\"]",
      "instances": [
        {
          "schema_version": 1,
          "attributes": {
            "arn": "arn:aws:ec2:ap-northeast-1:846035687543:subnet/subnet-043f2c7b13c08bfe9",
            "assign_ipv6_address_on_creation": false,
            "availability_zone": "ap-northeast-1c",
            "availability_zone_id": "apne1-az1",
            "cidr_block": "10.35.13.0/24",
            "customer_owned_ipv4_pool": "",
            "enable_dns64": false,
            "enable_resource_name_dns_a_record_on_launch": false,
            "enable_resource_name_dns_aaaa_record_on_launch": false,
            "id": "subnet-043f2c7b13c08bfe9",
            "ipv6_cidr_block": "",
            "ipv6_cidr_block_association_id": "",
            "ipv6_native": false,
            "map_customer_owned_ip_on_launch": false,
            "map_public_ip_on_launch": false,
            "outpost_arn": "",
            "owner_id": "846035687543",
            "private_dns_hostname_type_on_launch": "ip-name",
            "tags": {
              "Name": "private-ap-northeast-1c",
              "Owner": "Darknesses",
              "Service": "application1"
            },
            "tags_all": {
              "Name": "private-ap-northeast-1c",
              "Owner": "Darknesses",
              "Service": "application1"
            },
            "timeouts": null,
            "vpc_id": "vpc-00d4473df9ccb1cc0"
          },
          "sensitive_attributes": [],
          "private": "eyJlMmJmYjczMC1lY2FhLTExZTYtOGY4OC0zNDM2M2JjN2M0YzAiOnsiY3JlYXRlIjo2MDAwMDAwMDAwMDAsImRlbGV0ZSI6MTIwMDAwMDAwMDAwMH0sInNjaGVtYV92ZXJzaW9uIjoiMSJ9",
          "dependencies": [
            "aws_vpc.tokyo-app1"
          ]
        }
      ]
    },
    {
      "mode": "managed",
      "type": "aws_subnet",
      "name": "public-ap-northeast-1a",
      "provider": "provider[\"registry.terraform.io/hashicorp/aws\"]",
      "instances": [
        {
          "schema_version": 1,
          "attributes": {
            "arn": "arn:aws:ec2:ap-northeast-1:846035687543:subnet/subnet-058aa5c4e43150200",
            "assign_ipv6_address_on_creation": false,
            "availability_zone": "ap-northeast-1a",
            "availability_zone_id": "apne1-az4",
            "cidr_block": "10.35.1.0/24",
            "customer_owned_ipv4_pool": "",
            "enable_dns64": false,
            "enable_resource_name_dns_a_record_on_launch": false,
            "enable_resource_name_dns_aaaa_record_on_launch": false,
            "id": "subnet-058aa5c4e43150200",
            "ipv6_cidr_block": "",
            "ipv6_cidr_block_association_id": "",
            "ipv6_native": false,
            "map_customer_owned_ip_on_launch": false,
            "map_public_ip_on_launch": true,
            "outpost_arn": "",
            "owner_id": "846035687543",
            "private_dns_hostname_type_on_launch": "ip-name",
            "tags": {
              "Name": "public-ap-northeast-1a",
              "Owner": "Darknesses",
              "Service": "application1"
            },
            "tags_all": {
              "Name": "public-ap-northeast-1a",
              "Owner": "Darknesses",
              "Service": "application1"
            },
            "timeouts": null,
            "vpc_id": "vpc-00d4473df9ccb1cc0"
          },
          "sensitive_attributes": [],
          "private": "eyJlMmJmYjczMC1lY2FhLTExZTYtOGY4OC0zNDM2M2JjN2M0YzAiOnsiY3JlYXRlIjo2MDAwMDAwMDAwMDAsImRlbGV0ZSI6MTIwMDAwMDAwMDAwMH0sInNjaGVtYV92ZXJzaW9uIjoiMSJ9",
          "dependencies": [
            "aws_vpc.tokyo-app1"
          ]
        }
      ]
    },
    {
      "mode": "managed",
      "type": "aws_subnet",
      "name": "public-ap-northeast-1c",
      "provider": "provider[\"registry.terraform.io/hashicorp/aws\"]",
      "instances": [
        {
          "schema_version": 1,
          "attributes": {
            "arn": "arn:aws:ec2:ap-northeast-1:846035687543:subnet/subnet-071423ca051f77bc6",
            "assign_ipv6_address_on_creation": false,
            "availability_zone": "ap-northeast-1c",
            "availability_zone_id": "apne1-az1",
            "cidr_block": "10.35.3.0/24",
            "customer_owned_ipv4_pool": "",
            "enable_dns64": false,
            "enable_resource_name_dns_a_record_on_launch": false,
            "enable_resource_name_dns_aaaa_record_on_launch": false,
            "id": "subnet-071423ca051f77bc6",
            "ipv6_cidr_block": "",
            "ipv6_cidr_block_association_id": "",
            "ipv6_native": false,
            "map_customer_owned_ip_on_launch": false,
            "map_public_ip_on_launch": true,
            "outpost_arn": "",
            "owner_id": "846035687543",
            "private_dns_hostname_type_on_launch": "ip-name",
            "tags": {
              "Name": "public-ap-northeast-1c",
              "Owner": "darknesses",
              "Service": "application1"
            },
            "tags_all": {
              "Name": "public-ap-northeast-1c",
              "Owner": "darknesses",
              "Service": "application1"
            },
            "timeouts": null,
            "vpc_id": "vpc-00d4473df9ccb1cc0"
          },
          "sensitive_attributes": [],
          "private": "eyJlMmJmYjczMC1lY2FhLTExZTYtOGY4OC0zNDM2M2JjN2M0YzAiOnsiY3JlYXRlIjo2MDAwMDAwMDAwMDAsImRlbGV0ZSI6MTIwMDAwMDAwMDAwMH0sInNjaGVtYV92ZXJzaW9uIjoiMSJ9",
          "dependencies": [
            "aws_vpc.tokyo-app1"
          ]
        }
      ]
    },
    {
      "mode": "managed",
      "type": "aws_vpc",
      "name": "tokyo-app1",
      "provider": "provider[\"registry.terraform.io/hashicorp/aws\"]",
      "instances": [
        {
          "schema_version": 1,
          "attributes": {
            "arn": "arn:aws:ec2:ap-northeast-1:846035687543:vpc/vpc-00d4473df9ccb1cc0",
            "assign_generated_ipv6_cidr_block": false,
            "cidr_block": "10.35.0.0/16",
            "default_network_acl_id": "acl-0375ad6d8574efd5d",
            "default_route_table_id": "rtb-0cd842c2912c2e0c6",
            "default_security_group_id": "sg-0daae02dda624097e",
            "dhcp_options_id": "dopt-05fde9e5cd133754f",
            "enable_classiclink": false,
            "enable_classiclink_dns_support": false,
            "enable_dns_hostnames": false,
            "enable_dns_support": true,
            "id": "vpc-00d4473df9ccb1cc0",
            "instance_tenancy": "default",
            "ipv4_ipam_pool_id": null,
            "ipv4_netmask_length": null,
            "ipv6_association_id": "",
            "ipv6_cidr_block": "",
            "ipv6_cidr_block_network_border_group": "",
            "ipv6_ipam_pool_id": "",
            "ipv6_netmask_length": 0,
            "main_route_table_id": "rtb-0cd842c2912c2e0c6",
            "owner_id": "846035687543",
            "tags": {
              "Name": "tokyo-app1",
              "Owner": "Darknesses",
              "Service": "application1"
            },
            "tags_all": {
              "Name": "tokyo-app1",
              "Owner": "Darknesses",
              "Service": "application1"
            }
          },
          "sensitive_attributes": [],
          "private": "eyJzY2hlbWFfdmVyc2lvbiI6IjEifQ==",
          "create_before_destroy": true
        }
      ]
    }
  ],
  "check_results": null
}
